// !$*UTF8*$!
{
	archiveVersion = 1;
	classes = {
	};
	objectVersion = 46;
	objects = {

/* Begin PBXBuildFile section */
		4A17A6D91DAE852E003927BB /* ReviewListViewController.swift in Sources */ = {isa = PBXBuildFile; fileRef = 4A17A6D81DAE852E003927BB /* ReviewListViewController.swift */; };
		4A17A6DB1DAE8C70003927BB /* CurriculumnListViewController.swift in Sources */ = {isa = PBXBuildFile; fileRef = 4A17A6DA1DAE8C70003927BB /* CurriculumnListViewController.swift */; };
		4A1A42361D88549A00FF5522 /* EmptyViewController.swift in Sources */ = {isa = PBXBuildFile; fileRef = 4A1A42351D88549A00FF5522 /* EmptyViewController.swift */; };
		4A1B71DA1D84EDB3006C3655 /* ViewControllerProtocol.swift in Sources */ = {isa = PBXBuildFile; fileRef = 4A1B71D91D84EDB3006C3655 /* ViewControllerProtocol.swift */; };
		4A214A9A1D70765200525B06 /* Teacher.swift in Sources */ = {isa = PBXBuildFile; fileRef = 4A214A991D70765200525B06 /* Teacher.swift */; };
		4A214A9C1D70782F00525B06 /* Account.swift in Sources */ = {isa = PBXBuildFile; fileRef = 4A214A9B1D70782F00525B06 /* Account.swift */; };
		4A2DBD6A1D9C28EC00978A0E /* CategoriesCollectionViewMain.swift in Sources */ = {isa = PBXBuildFile; fileRef = 4A2DBD691D9C28EC00978A0E /* CategoriesCollectionViewMain.swift */; };
		4A2DBD6C1D9C290B00978A0E /* CategoriesCollectionViewMain.xib in Resources */ = {isa = PBXBuildFile; fileRef = 4A2DBD6B1D9C290B00978A0E /* CategoriesCollectionViewMain.xib */; };
		4A351AEA1D675F780053B4A2 /* ReviewsCell.swift in Sources */ = {isa = PBXBuildFile; fileRef = 4A351AE81D675F780053B4A2 /* ReviewsCell.swift */; };
		4A351AEB1D675F780053B4A2 /* ReviewsCell.xib in Resources */ = {isa = PBXBuildFile; fileRef = 4A351AE91D675F780053B4A2 /* ReviewsCell.xib */; };
		4A3C404B1DB902DA00C599E8 /* ListStreamVideoViewController.swift in Sources */ = {isa = PBXBuildFile; fileRef = 4A3C404A1DB902DA00C599E8 /* ListStreamVideoViewController.swift */; };
		4A45354D1D61FAEF00CFFFC5 /* AppDelegate.swift in Sources */ = {isa = PBXBuildFile; fileRef = 4A45354C1D61FAEF00CFFFC5 /* AppDelegate.swift */; };
		4A4535541D61FAEF00CFFFC5 /* Assets.xcassets in Resources */ = {isa = PBXBuildFile; fileRef = 4A4535531D61FAEF00CFFFC5 /* Assets.xcassets */; };
		4A4535571D61FAEF00CFFFC5 /* LaunchScreen.storyboard in Resources */ = {isa = PBXBuildFile; fileRef = 4A4535551D61FAEF00CFFFC5 /* LaunchScreen.storyboard */; };
		4A4535661D61FE4600CFFFC5 /* Main.storyboard in Resources */ = {isa = PBXBuildFile; fileRef = 4A4535651D61FE4600CFFFC5 /* Main.storyboard */; };
		4A4535681D61FE7700CFFFC5 /* MainViewController.swift in Sources */ = {isa = PBXBuildFile; fileRef = 4A4535671D61FE7700CFFFC5 /* MainViewController.swift */; };
		4A45356D1D6200B800CFFFC5 /* CoursesCollectionViewCell.swift in Sources */ = {isa = PBXBuildFile; fileRef = 4A45356B1D6200B800CFFFC5 /* CoursesCollectionViewCell.swift */; };
		4A45356E1D6200B800CFFFC5 /* CoursesCollectionViewCell.xib in Resources */ = {isa = PBXBuildFile; fileRef = 4A45356C1D6200B800CFFFC5 /* CoursesCollectionViewCell.xib */; };
		4A4535711D6200F500CFFFC5 /* CategoriesCollectionViewCell.swift in Sources */ = {isa = PBXBuildFile; fileRef = 4A45356F1D6200F500CFFFC5 /* CategoriesCollectionViewCell.swift */; };
		4A4535721D6200F500CFFFC5 /* CategoriesCollectionViewCell.xib in Resources */ = {isa = PBXBuildFile; fileRef = 4A4535701D6200F500CFFFC5 /* CategoriesCollectionViewCell.xib */; };
		4A4535741D62019900CFFFC5 /* CommonCategoriesCollectionViewCell.swift in Sources */ = {isa = PBXBuildFile; fileRef = 4A4535731D62019900CFFFC5 /* CommonCategoriesCollectionViewCell.swift */; };
		4A4535761D6201C300CFFFC5 /* CommonCategoriesCollectionViewCell.xib in Resources */ = {isa = PBXBuildFile; fileRef = 4A4535751D6201C300CFFFC5 /* CommonCategoriesCollectionViewCell.xib */; };
		4A4535791D6202B800CFFFC5 /* MainTableViewCell.swift in Sources */ = {isa = PBXBuildFile; fileRef = 4A4535781D6202B800CFFFC5 /* MainTableViewCell.swift */; };
		4A515A131D6B6BF900D043DC /* SignUpViewController.swift in Sources */ = {isa = PBXBuildFile; fileRef = 4A515A121D6B6BF900D043DC /* SignUpViewController.swift */; };
		4A5B7EF41D903F1800275788 /* Results+UDMSwift.swift in Sources */ = {isa = PBXBuildFile; fileRef = 4A5B7EF31D903F1800275788 /* Results+UDMSwift.swift */; };
		4A5C50331D81BB26007F65E1 /* UDMInfoDictionaryBuilder.swift in Sources */ = {isa = PBXBuildFile; fileRef = 4A5C50321D81BB26007F65E1 /* UDMInfoDictionaryBuilder.swift */; };
		4A64585A1DA69A720007BEB8 /* R5StreamingManager.swift in Sources */ = {isa = PBXBuildFile; fileRef = 4A6458591DA69A720007BEB8 /* R5StreamingManager.swift */; };
		4A64585C1DA6A1080007BEB8 /* CustomVideoSource.swift in Sources */ = {isa = PBXBuildFile; fileRef = 4A64585B1DA6A1080007BEB8 /* CustomVideoSource.swift */; };
		4A65B7621DD3642000CFAA3B /* RatingViewController.swift in Sources */ = {isa = PBXBuildFile; fileRef = 4A65B7611DD3642000CFAA3B /* RatingViewController.swift */; };
		4A69B9931DAD3654009ACC18 /* OpenAL.framework in Frameworks */ = {isa = PBXBuildFile; fileRef = 4A69B9921DAD3654009ACC18 /* OpenAL.framework */; };
		4A69B9951DAD3669009ACC18 /* CoreFoundation.framework in Frameworks */ = {isa = PBXBuildFile; fileRef = 4A69B9941DAD3669009ACC18 /* CoreFoundation.framework */; };
		4A69B9971DAD3675009ACC18 /* QuartzCore.framework in Frameworks */ = {isa = PBXBuildFile; fileRef = 4A69B9961DAD3675009ACC18 /* QuartzCore.framework */; };
		4A69B99B1DAD36ED009ACC18 /* R5Streaming.framework in Frameworks */ = {isa = PBXBuildFile; fileRef = 4A69B99A1DAD36ED009ACC18 /* R5Streaming.framework */; };
		4A69B99D1DAD370E009ACC18 /* libiconv.2.4.0.tbd in Frameworks */ = {isa = PBXBuildFile; fileRef = 4A69B99C1DAD370E009ACC18 /* libiconv.2.4.0.tbd */; };
		4A69B99F1DAD3722009ACC18 /* libstdc++.6.0.9.tbd in Frameworks */ = {isa = PBXBuildFile; fileRef = 4A69B99E1DAD3722009ACC18 /* libstdc++.6.0.9.tbd */; };
		4A6E03651D6612EC00C2717C /* CourseVideoCell.swift in Sources */ = {isa = PBXBuildFile; fileRef = 4A6E03641D6612EC00C2717C /* CourseVideoCell.swift */; };
		4A6E03671D6613C400C2717C /* CourseDescriptionCell.swift in Sources */ = {isa = PBXBuildFile; fileRef = 4A6E03661D6613C400C2717C /* CourseDescriptionCell.swift */; };
		4A6E03691D66144200C2717C /* CourseCurriculumCell.swift in Sources */ = {isa = PBXBuildFile; fileRef = 4A6E03681D66144200C2717C /* CourseCurriculumCell.swift */; };
		4A6E036B1D66148D00C2717C /* CourseReviewsCell.swift in Sources */ = {isa = PBXBuildFile; fileRef = 4A6E036A1D66148D00C2717C /* CourseReviewsCell.swift */; };
		4A6E036D1D66160E00C2717C /* CourseCell.swift in Sources */ = {isa = PBXBuildFile; fileRef = 4A6E036C1D66160E00C2717C /* CourseCell.swift */; };
		4A6E036F1D6616D300C2717C /* CourseVideoCell.xib in Resources */ = {isa = PBXBuildFile; fileRef = 4A6E036E1D6616D300C2717C /* CourseVideoCell.xib */; };
		4A6E03711D6616F300C2717C /* CourseDescriptionCell.xib in Resources */ = {isa = PBXBuildFile; fileRef = 4A6E03701D6616F300C2717C /* CourseDescriptionCell.xib */; };
		4A6E03731D66170500C2717C /* CourseCurriculumCell.xib in Resources */ = {isa = PBXBuildFile; fileRef = 4A6E03721D66170500C2717C /* CourseCurriculumCell.xib */; };
		4A6E03751D66171800C2717C /* CourseReviewsCell.xib in Resources */ = {isa = PBXBuildFile; fileRef = 4A6E03741D66171800C2717C /* CourseReviewsCell.xib */; };
		4A6E03771D66172B00C2717C /* CourseCell.xib in Resources */ = {isa = PBXBuildFile; fileRef = 4A6E03761D66172B00C2717C /* CourseCell.xib */; };
		4A6E037A1D66181400C2717C /* CourseInstructorCell.swift in Sources */ = {isa = PBXBuildFile; fileRef = 4A6E03781D66181400C2717C /* CourseInstructorCell.swift */; };
		4A6E037B1D66181400C2717C /* CourseInstructorCell.xib in Resources */ = {isa = PBXBuildFile; fileRef = 4A6E03791D66181400C2717C /* CourseInstructorCell.xib */; };
		4A7DD4AC1D680C2B00AB0BD2 /* SignInViewController.swift in Sources */ = {isa = PBXBuildFile; fileRef = 4A7DD4AB1D680C2B00AB0BD2 /* SignInViewController.swift */; };
		4A8075591D689FC6006536A8 /* GoogleService-Info.plist in Resources */ = {isa = PBXBuildFile; fileRef = 4A8075581D689FC6006536A8 /* GoogleService-Info.plist */; };
		4A80755F1D68AC5C006536A8 /* UDMConfig.swift in Sources */ = {isa = PBXBuildFile; fileRef = 4A80755E1D68AC5C006536A8 /* UDMConfig.swift */; };
		4A8075611D68B1C5006536A8 /* CourseInfoDetailViewController.swift in Sources */ = {isa = PBXBuildFile; fileRef = 4A8075601D68B1C5006536A8 /* CourseInfoDetailViewController.swift */; };
		4A8075631D68B55F006536A8 /* DetailListViewController.swift in Sources */ = {isa = PBXBuildFile; fileRef = 4A8075621D68B55F006536A8 /* DetailListViewController.swift */; };
		4A80756B1D68BAD2006536A8 /* FBSDKCoreKit.framework in Frameworks */ = {isa = PBXBuildFile; fileRef = 4A8075691D68BAD2006536A8 /* FBSDKCoreKit.framework */; };
		4A80756C1D68BAD2006536A8 /* FBSDKLoginKit.framework in Frameworks */ = {isa = PBXBuildFile; fileRef = 4A80756A1D68BAD2006536A8 /* FBSDKLoginKit.framework */; };
		4A80756E1D68BB91006536A8 /* Bolts.framework in Frameworks */ = {isa = PBXBuildFile; fileRef = 4A80756D1D68BB91006536A8 /* Bolts.framework */; };
		4A8ABF791D839D940025D6CA /* Dictionary+UDMSwift.swift in Sources */ = {isa = PBXBuildFile; fileRef = 4A8ABF781D839D940025D6CA /* Dictionary+UDMSwift.swift */; };
		4A8ABF7B1D83BBEC0025D6CA /* AlamofireManager.swift in Sources */ = {isa = PBXBuildFile; fileRef = 4A8ABF7A1D83BBEC0025D6CA /* AlamofireManager.swift */; };
		4A8ABF7D1D83BC0B0025D6CA /* ChameleonFrameworkManager.swift in Sources */ = {isa = PBXBuildFile; fileRef = 4A8ABF7C1D83BC0B0025D6CA /* ChameleonFrameworkManager.swift */; };
		4AACAD991D8CE2CD003E34A7 /* ReachabilityManager.swift in Sources */ = {isa = PBXBuildFile; fileRef = 4AACAD981D8CE2CD003E34A7 /* ReachabilityManager.swift */; };
		4AACAD9B1D8CE75E003E34A7 /* String+UDMSwift.swift in Sources */ = {isa = PBXBuildFile; fileRef = 4AACAD9A1D8CE75E003E34A7 /* String+UDMSwift.swift */; };
		4AC2FB141D694AD4007615C8 /* RatingControlView.swift in Sources */ = {isa = PBXBuildFile; fileRef = 4AC2FB131D694AD4007615C8 /* RatingControlView.swift */; };
		4AC2FB171D69795E007615C8 /* CouresListViewController.swift in Sources */ = {isa = PBXBuildFile; fileRef = 4AC2FB151D69795E007615C8 /* CouresListViewController.swift */; };
		4AC2FB181D69795E007615C8 /* CourseDetailViewController.swift in Sources */ = {isa = PBXBuildFile; fileRef = 4AC2FB161D69795E007615C8 /* CourseDetailViewController.swift */; };
		4AC2FB1A1D6979CE007615C8 /* ReusableView.swift in Sources */ = {isa = PBXBuildFile; fileRef = 4AC2FB191D6979CE007615C8 /* ReusableView.swift */; };
		4AC2FB1D1D69B6BB007615C8 /* TestAppViewController.swift in Sources */ = {isa = PBXBuildFile; fileRef = 4AC2FB1C1D69B6BB007615C8 /* TestAppViewController.swift */; };
		4AC2FB241D6A1BB0007615C8 /* StorageService.swift in Sources */ = {isa = PBXBuildFile; fileRef = 4AC2FB231D6A1BB0007615C8 /* StorageService.swift */; };
		4AC2FB261D6A1C66007615C8 /* UDMService.swift in Sources */ = {isa = PBXBuildFile; fileRef = 4AC2FB251D6A1C66007615C8 /* UDMService.swift */; };
		4AC5A6831DA1439900092A00 /* CourseCellDetail.xib in Resources */ = {isa = PBXBuildFile; fileRef = 4AC5A6821DA1439900092A00 /* CourseCellDetail.xib */; };
		4AC5A6851DA143E300092A00 /* CourseCellDetail.swift in Sources */ = {isa = PBXBuildFile; fileRef = 4AC5A6841DA143E300092A00 /* CourseCellDetail.swift */; };
		4AC855201D71C5DC00B6D4B8 /* SettingDetailViewController.swift in Sources */ = {isa = PBXBuildFile; fileRef = 4AC8551F1D71C5DC00B6D4B8 /* SettingDetailViewController.swift */; };
		4AC855221D71C5FC00B6D4B8 /* AccountSettingViewController.swift in Sources */ = {isa = PBXBuildFile; fileRef = 4AC855211D71C5FC00B6D4B8 /* AccountSettingViewController.swift */; };
		4ACBE3181D787DB500360B9A /* Validatable.swift in Sources */ = {isa = PBXBuildFile; fileRef = 4ACBE2FC1D787DB500360B9A /* Validatable.swift */; };
		4ACBE3191D787DB500360B9A /* ValidationDelegate.swift in Sources */ = {isa = PBXBuildFile; fileRef = 4ACBE2FD1D787DB500360B9A /* ValidationDelegate.swift */; };
		4ACBE31A1D787DB500360B9A /* ValidationError.swift in Sources */ = {isa = PBXBuildFile; fileRef = 4ACBE2FE1D787DB500360B9A /* ValidationError.swift */; };
		4ACBE31B1D787DB500360B9A /* Validator.swift in Sources */ = {isa = PBXBuildFile; fileRef = 4ACBE2FF1D787DB500360B9A /* Validator.swift */; };
		4ACBE31C1D787DB500360B9A /* ValidatorDictionary.swift in Sources */ = {isa = PBXBuildFile; fileRef = 4ACBE3001D787DB500360B9A /* ValidatorDictionary.swift */; };
		4ACBE31E1D787DB500360B9A /* AlphaNumericRule.swift in Sources */ = {isa = PBXBuildFile; fileRef = 4ACBE3031D787DB500360B9A /* AlphaNumericRule.swift */; };
		4ACBE31F1D787DB500360B9A /* AlphaRule.swift in Sources */ = {isa = PBXBuildFile; fileRef = 4ACBE3041D787DB500360B9A /* AlphaRule.swift */; };
		4ACBE3201D787DB500360B9A /* CharacterSetRule.swift in Sources */ = {isa = PBXBuildFile; fileRef = 4ACBE3051D787DB500360B9A /* CharacterSetRule.swift */; };
		4ACBE3211D787DB500360B9A /* ConfirmRule.swift in Sources */ = {isa = PBXBuildFile; fileRef = 4ACBE3061D787DB500360B9A /* ConfirmRule.swift */; };
		4ACBE3221D787DB500360B9A /* EmailRule.swift in Sources */ = {isa = PBXBuildFile; fileRef = 4ACBE3071D787DB500360B9A /* EmailRule.swift */; };
		4ACBE3231D787DB500360B9A /* ExactLengthRule.swift in Sources */ = {isa = PBXBuildFile; fileRef = 4ACBE3081D787DB500360B9A /* ExactLengthRule.swift */; };
		4ACBE3241D787DB500360B9A /* FloatRule.swift in Sources */ = {isa = PBXBuildFile; fileRef = 4ACBE3091D787DB500360B9A /* FloatRule.swift */; };
		4ACBE3251D787DB500360B9A /* FullNameRule.swift in Sources */ = {isa = PBXBuildFile; fileRef = 4ACBE30A1D787DB500360B9A /* FullNameRule.swift */; };
		4ACBE3261D787DB500360B9A /* HexColorRule.swift in Sources */ = {isa = PBXBuildFile; fileRef = 4ACBE30B1D787DB500360B9A /* HexColorRule.swift */; };
		4ACBE3271D787DB500360B9A /* IPV4Rule.swift in Sources */ = {isa = PBXBuildFile; fileRef = 4ACBE30C1D787DB500360B9A /* IPV4Rule.swift */; };
		4ACBE3281D787DB500360B9A /* ISBNRule.swift in Sources */ = {isa = PBXBuildFile; fileRef = 4ACBE30D1D787DB500360B9A /* ISBNRule.swift */; };
		4ACBE3291D787DB500360B9A /* MaxLengthRule.swift in Sources */ = {isa = PBXBuildFile; fileRef = 4ACBE30E1D787DB500360B9A /* MaxLengthRule.swift */; };
		4ACBE32A1D787DB500360B9A /* MinLengthRule.swift in Sources */ = {isa = PBXBuildFile; fileRef = 4ACBE30F1D787DB500360B9A /* MinLengthRule.swift */; };
		4ACBE32B1D787DB500360B9A /* PasswordRule.swift in Sources */ = {isa = PBXBuildFile; fileRef = 4ACBE3101D787DB500360B9A /* PasswordRule.swift */; };
		4ACBE32C1D787DB500360B9A /* PhoneNumberRule.swift in Sources */ = {isa = PBXBuildFile; fileRef = 4ACBE3111D787DB500360B9A /* PhoneNumberRule.swift */; };
		4ACBE32D1D787DB500360B9A /* RegexRule.swift in Sources */ = {isa = PBXBuildFile; fileRef = 4ACBE3121D787DB500360B9A /* RegexRule.swift */; };
		4ACBE32E1D787DB500360B9A /* RequiredRule.swift in Sources */ = {isa = PBXBuildFile; fileRef = 4ACBE3131D787DB500360B9A /* RequiredRule.swift */; };
		4ACBE32F1D787DB500360B9A /* Rule.swift in Sources */ = {isa = PBXBuildFile; fileRef = 4ACBE3141D787DB500360B9A /* Rule.swift */; };
		4ACBE3301D787DB500360B9A /* ValidationRule.swift in Sources */ = {isa = PBXBuildFile; fileRef = 4ACBE3151D787DB500360B9A /* ValidationRule.swift */; };
		4ACBE3311D787DB500360B9A /* ZipCodeRule.swift in Sources */ = {isa = PBXBuildFile; fileRef = 4ACBE3161D787DB500360B9A /* ZipCodeRule.swift */; };
		4ACBE3331D7890FA00360B9A /* EdidAccountSettingViewController.swift in Sources */ = {isa = PBXBuildFile; fileRef = 4ACBE3321D7890FA00360B9A /* EdidAccountSettingViewController.swift */; };
		4AE7B16C1D8D80E40004ACB0 /* ModelRealm.swift in Sources */ = {isa = PBXBuildFile; fileRef = 4AE7B16B1D8D80E40004ACB0 /* ModelRealm.swift */; };
		4AE7B16E1D8D810B0004ACB0 /* CacheManager.swift in Sources */ = {isa = PBXBuildFile; fileRef = 4AE7B16D1D8D810B0004ACB0 /* CacheManager.swift */; };
		4AEAA34C1DA407FC00CC5659 /* VideoViewController.swift in Sources */ = {isa = PBXBuildFile; fileRef = 4AEAA34B1DA407FC00CC5659 /* VideoViewController.swift */; };
		4AEAA34E1DA4165F00CC5659 /* StreamVideoViewController.swift in Sources */ = {isa = PBXBuildFile; fileRef = 4AEAA34D1DA4165F00CC5659 /* StreamVideoViewController.swift */; };
		4AEF4F071D6F570500800244 /* UDMLog.swift in Sources */ = {isa = PBXBuildFile; fileRef = 4AEF4F061D6F570500800244 /* UDMLog.swift */; };
		4AEF4F091D6F571C00800244 /* UDMAlert.swift in Sources */ = {isa = PBXBuildFile; fileRef = 4AEF4F081D6F571C00800244 /* UDMAlert.swift */; };
		4AEF4F0B1D6F591300800244 /* UDMHUD.swift in Sources */ = {isa = PBXBuildFile; fileRef = 4AEF4F0A1D6F591300800244 /* UDMHUD.swift */; };
		4AF36B401D6F438200138BF7 /* UDMHelpers.swift in Sources */ = {isa = PBXBuildFile; fileRef = 4AF36B3F1D6F438200138BF7 /* UDMHelpers.swift */; };
		9264E9F21D64188500D8B066 /* SearchCoursesViewController.swift in Sources */ = {isa = PBXBuildFile; fileRef = 9264E9F11D64188500D8B066 /* SearchCoursesViewController.swift */; };
		9264E9F71D644F1500D8B066 /* SettingViewController.swift in Sources */ = {isa = PBXBuildFile; fileRef = 9264E9F61D644F1500D8B066 /* SettingViewController.swift */; };
		9264E9F91D64500100D8B066 /* WishListViewController.swift in Sources */ = {isa = PBXBuildFile; fileRef = 9264E9F81D64500100D8B066 /* WishListViewController.swift */; };
		9264E9FE1D64626F00D8B066 /* CategoryViewController.swift in Sources */ = {isa = PBXBuildFile; fileRef = 9264E9FD1D64626F00D8B066 /* CategoryViewController.swift */; };
		92D18E461D630CC000E7793C /* MyCoursesViewController.swift in Sources */ = {isa = PBXBuildFile; fileRef = 92D18E451D630CC000E7793C /* MyCoursesViewController.swift */; };
		B01DA42C595FBB70139A4F79 /* Pods_UDMSwift.framework in Frameworks */ = {isa = PBXBuildFile; fileRef = CE630F250369024552306D0C /* Pods_UDMSwift.framework */; };
/* End PBXBuildFile section */

/* Begin PBXFileReference section */
		3D08753B785755DECEA78367 /* Pods-UDMSwift.release.xcconfig */ = {isa = PBXFileReference; includeInIndex = 1; lastKnownFileType = text.xcconfig; name = "Pods-UDMSwift.release.xcconfig"; path = "Pods/Target Support Files/Pods-UDMSwift/Pods-UDMSwift.release.xcconfig"; sourceTree = "<group>"; };
		4A17A6D81DAE852E003927BB /* ReviewListViewController.swift */ = {isa = PBXFileReference; fileEncoding = 4; lastKnownFileType = sourcecode.swift; path = ReviewListViewController.swift; sourceTree = "<group>"; };
		4A17A6DA1DAE8C70003927BB /* CurriculumnListViewController.swift */ = {isa = PBXFileReference; fileEncoding = 4; lastKnownFileType = sourcecode.swift; path = CurriculumnListViewController.swift; sourceTree = "<group>"; };
		4A1A42351D88549A00FF5522 /* EmptyViewController.swift */ = {isa = PBXFileReference; fileEncoding = 4; lastKnownFileType = sourcecode.swift; path = EmptyViewController.swift; sourceTree = "<group>"; };
		4A1B71D91D84EDB3006C3655 /* ViewControllerProtocol.swift */ = {isa = PBXFileReference; fileEncoding = 4; lastKnownFileType = sourcecode.swift; path = ViewControllerProtocol.swift; sourceTree = "<group>"; };
		4A214A991D70765200525B06 /* Teacher.swift */ = {isa = PBXFileReference; fileEncoding = 4; lastKnownFileType = sourcecode.swift; name = Teacher.swift; path = Account/Teacher.swift; sourceTree = SOURCE_ROOT; };
		4A214A9B1D70782F00525B06 /* Account.swift */ = {isa = PBXFileReference; fileEncoding = 4; lastKnownFileType = sourcecode.swift; name = Account.swift; path = Account/Account.swift; sourceTree = SOURCE_ROOT; };
		4A2DBD691D9C28EC00978A0E /* CategoriesCollectionViewMain.swift */ = {isa = PBXFileReference; fileEncoding = 4; lastKnownFileType = sourcecode.swift; path = CategoriesCollectionViewMain.swift; sourceTree = "<group>"; };
		4A2DBD6B1D9C290B00978A0E /* CategoriesCollectionViewMain.xib */ = {isa = PBXFileReference; fileEncoding = 4; lastKnownFileType = file.xib; path = CategoriesCollectionViewMain.xib; sourceTree = "<group>"; };
		4A351AE81D675F780053B4A2 /* ReviewsCell.swift */ = {isa = PBXFileReference; fileEncoding = 4; lastKnownFileType = sourcecode.swift; path = ReviewsCell.swift; sourceTree = "<group>"; };
		4A351AE91D675F780053B4A2 /* ReviewsCell.xib */ = {isa = PBXFileReference; fileEncoding = 4; lastKnownFileType = file.xib; path = ReviewsCell.xib; sourceTree = "<group>"; };
		4A3C404A1DB902DA00C599E8 /* ListStreamVideoViewController.swift */ = {isa = PBXFileReference; fileEncoding = 4; lastKnownFileType = sourcecode.swift; path = ListStreamVideoViewController.swift; sourceTree = "<group>"; };
		4A4535491D61FAEF00CFFFC5 /* UDMSwift.app */ = {isa = PBXFileReference; explicitFileType = wrapper.application; includeInIndex = 0; path = UDMSwift.app; sourceTree = BUILT_PRODUCTS_DIR; };
		4A45354C1D61FAEF00CFFFC5 /* AppDelegate.swift */ = {isa = PBXFileReference; lastKnownFileType = sourcecode.swift; path = AppDelegate.swift; sourceTree = "<group>"; };
		4A4535531D61FAEF00CFFFC5 /* Assets.xcassets */ = {isa = PBXFileReference; lastKnownFileType = folder.assetcatalog; path = Assets.xcassets; sourceTree = "<group>"; };
		4A4535561D61FAEF00CFFFC5 /* Base */ = {isa = PBXFileReference; lastKnownFileType = file.storyboard; name = Base; path = Base.lproj/LaunchScreen.storyboard; sourceTree = "<group>"; };
		4A4535581D61FAEF00CFFFC5 /* Info.plist */ = {isa = PBXFileReference; lastKnownFileType = text.plist.xml; path = Info.plist; sourceTree = "<group>"; };
		4A4535651D61FE4600CFFFC5 /* Main.storyboard */ = {isa = PBXFileReference; fileEncoding = 4; lastKnownFileType = file.storyboard; path = Main.storyboard; sourceTree = "<group>"; };
		4A4535671D61FE7700CFFFC5 /* MainViewController.swift */ = {isa = PBXFileReference; fileEncoding = 4; lastKnownFileType = sourcecode.swift; path = MainViewController.swift; sourceTree = "<group>"; };
		4A45356B1D6200B800CFFFC5 /* CoursesCollectionViewCell.swift */ = {isa = PBXFileReference; fileEncoding = 4; lastKnownFileType = sourcecode.swift; path = CoursesCollectionViewCell.swift; sourceTree = "<group>"; };
		4A45356C1D6200B800CFFFC5 /* CoursesCollectionViewCell.xib */ = {isa = PBXFileReference; fileEncoding = 4; lastKnownFileType = file.xib; path = CoursesCollectionViewCell.xib; sourceTree = "<group>"; };
		4A45356F1D6200F500CFFFC5 /* CategoriesCollectionViewCell.swift */ = {isa = PBXFileReference; fileEncoding = 4; lastKnownFileType = sourcecode.swift; path = CategoriesCollectionViewCell.swift; sourceTree = "<group>"; };
		4A4535701D6200F500CFFFC5 /* CategoriesCollectionViewCell.xib */ = {isa = PBXFileReference; fileEncoding = 4; lastKnownFileType = file.xib; path = CategoriesCollectionViewCell.xib; sourceTree = "<group>"; };
		4A4535731D62019900CFFFC5 /* CommonCategoriesCollectionViewCell.swift */ = {isa = PBXFileReference; fileEncoding = 4; lastKnownFileType = sourcecode.swift; path = CommonCategoriesCollectionViewCell.swift; sourceTree = "<group>"; };
		4A4535751D6201C300CFFFC5 /* CommonCategoriesCollectionViewCell.xib */ = {isa = PBXFileReference; fileEncoding = 4; lastKnownFileType = file.xib; path = CommonCategoriesCollectionViewCell.xib; sourceTree = "<group>"; };
		4A4535781D6202B800CFFFC5 /* MainTableViewCell.swift */ = {isa = PBXFileReference; fileEncoding = 4; lastKnownFileType = sourcecode.swift; path = MainTableViewCell.swift; sourceTree = "<group>"; };
		4A515A121D6B6BF900D043DC /* SignUpViewController.swift */ = {isa = PBXFileReference; fileEncoding = 4; lastKnownFileType = sourcecode.swift; path = SignUpViewController.swift; sourceTree = "<group>"; };
		4A5B7EF31D903F1800275788 /* Results+UDMSwift.swift */ = {isa = PBXFileReference; fileEncoding = 4; lastKnownFileType = sourcecode.swift; path = "Results+UDMSwift.swift"; sourceTree = "<group>"; };
		4A5C50321D81BB26007F65E1 /* UDMInfoDictionaryBuilder.swift */ = {isa = PBXFileReference; fileEncoding = 4; lastKnownFileType = sourcecode.swift; path = UDMInfoDictionaryBuilder.swift; sourceTree = "<group>"; };
		4A6458591DA69A720007BEB8 /* R5StreamingManager.swift */ = {isa = PBXFileReference; fileEncoding = 4; lastKnownFileType = sourcecode.swift; path = R5StreamingManager.swift; sourceTree = "<group>"; };
		4A64585B1DA6A1080007BEB8 /* CustomVideoSource.swift */ = {isa = PBXFileReference; fileEncoding = 4; lastKnownFileType = sourcecode.swift; path = CustomVideoSource.swift; sourceTree = "<group>"; };
		4A65B7611DD3642000CFAA3B /* RatingViewController.swift */ = {isa = PBXFileReference; fileEncoding = 4; lastKnownFileType = sourcecode.swift; path = RatingViewController.swift; sourceTree = "<group>"; };
		4A69B9921DAD3654009ACC18 /* OpenAL.framework */ = {isa = PBXFileReference; lastKnownFileType = wrapper.framework; name = OpenAL.framework; path = System/Library/Frameworks/OpenAL.framework; sourceTree = SDKROOT; };
		4A69B9941DAD3669009ACC18 /* CoreFoundation.framework */ = {isa = PBXFileReference; lastKnownFileType = wrapper.framework; name = CoreFoundation.framework; path = System/Library/Frameworks/CoreFoundation.framework; sourceTree = SDKROOT; };
		4A69B9961DAD3675009ACC18 /* QuartzCore.framework */ = {isa = PBXFileReference; lastKnownFileType = wrapper.framework; name = QuartzCore.framework; path = System/Library/Frameworks/QuartzCore.framework; sourceTree = SDKROOT; };
		4A69B9981DAD3694009ACC18 /* R5Streaming.framework */ = {isa = PBXFileReference; lastKnownFileType = wrapper.framework; name = R5Streaming.framework; path = ../../GuMee/GuMee/R5Streaming.framework; sourceTree = "<group>"; };
		4A69B99A1DAD36ED009ACC18 /* R5Streaming.framework */ = {isa = PBXFileReference; lastKnownFileType = wrapper.framework; name = R5Streaming.framework; path = UDMSwift/R5Streaming.framework; sourceTree = "<group>"; };
		4A69B99C1DAD370E009ACC18 /* libiconv.2.4.0.tbd */ = {isa = PBXFileReference; lastKnownFileType = "sourcecode.text-based-dylib-definition"; name = libiconv.2.4.0.tbd; path = usr/lib/libiconv.2.4.0.tbd; sourceTree = SDKROOT; };
		4A69B99E1DAD3722009ACC18 /* libstdc++.6.0.9.tbd */ = {isa = PBXFileReference; lastKnownFileType = "sourcecode.text-based-dylib-definition"; name = "libstdc++.6.0.9.tbd"; path = "usr/lib/libstdc++.6.0.9.tbd"; sourceTree = SDKROOT; };
		4A69BA161DAD3E63009ACC18 /* UDMSwift teacher.plist */ = {isa = PBXFileReference; lastKnownFileType = text.plist.xml; name = "UDMSwift teacher.plist"; path = "/Users/osxvn/Desktop/GitHub2016/UDMSwift/UDMSwift teacher.plist"; sourceTree = "<absolute>"; };
		4A6E03641D6612EC00C2717C /* CourseVideoCell.swift */ = {isa = PBXFileReference; fileEncoding = 4; lastKnownFileType = sourcecode.swift; path = CourseVideoCell.swift; sourceTree = "<group>"; };
		4A6E03661D6613C400C2717C /* CourseDescriptionCell.swift */ = {isa = PBXFileReference; fileEncoding = 4; lastKnownFileType = sourcecode.swift; path = CourseDescriptionCell.swift; sourceTree = "<group>"; };
		4A6E03681D66144200C2717C /* CourseCurriculumCell.swift */ = {isa = PBXFileReference; fileEncoding = 4; lastKnownFileType = sourcecode.swift; path = CourseCurriculumCell.swift; sourceTree = "<group>"; };
		4A6E036A1D66148D00C2717C /* CourseReviewsCell.swift */ = {isa = PBXFileReference; fileEncoding = 4; lastKnownFileType = sourcecode.swift; path = CourseReviewsCell.swift; sourceTree = "<group>"; };
		4A6E036C1D66160E00C2717C /* CourseCell.swift */ = {isa = PBXFileReference; fileEncoding = 4; lastKnownFileType = sourcecode.swift; path = CourseCell.swift; sourceTree = "<group>"; };
		4A6E036E1D6616D300C2717C /* CourseVideoCell.xib */ = {isa = PBXFileReference; fileEncoding = 4; lastKnownFileType = file.xib; path = CourseVideoCell.xib; sourceTree = "<group>"; };
		4A6E03701D6616F300C2717C /* CourseDescriptionCell.xib */ = {isa = PBXFileReference; fileEncoding = 4; lastKnownFileType = file.xib; path = CourseDescriptionCell.xib; sourceTree = "<group>"; };
		4A6E03721D66170500C2717C /* CourseCurriculumCell.xib */ = {isa = PBXFileReference; fileEncoding = 4; lastKnownFileType = file.xib; path = CourseCurriculumCell.xib; sourceTree = "<group>"; };
		4A6E03741D66171800C2717C /* CourseReviewsCell.xib */ = {isa = PBXFileReference; fileEncoding = 4; lastKnownFileType = file.xib; path = CourseReviewsCell.xib; sourceTree = "<group>"; };
		4A6E03761D66172B00C2717C /* CourseCell.xib */ = {isa = PBXFileReference; fileEncoding = 4; lastKnownFileType = file.xib; path = CourseCell.xib; sourceTree = "<group>"; };
		4A6E03781D66181400C2717C /* CourseInstructorCell.swift */ = {isa = PBXFileReference; fileEncoding = 4; lastKnownFileType = sourcecode.swift; path = CourseInstructorCell.swift; sourceTree = "<group>"; };
		4A6E03791D66181400C2717C /* CourseInstructorCell.xib */ = {isa = PBXFileReference; fileEncoding = 4; lastKnownFileType = file.xib; path = CourseInstructorCell.xib; sourceTree = "<group>"; };
		4A7DD4AB1D680C2B00AB0BD2 /* SignInViewController.swift */ = {isa = PBXFileReference; fileEncoding = 4; lastKnownFileType = sourcecode.swift; path = SignInViewController.swift; sourceTree = "<group>"; };
		4A7DD4B11D681C1200AB0BD2 /* UDMSwift-Bridging-Header.h */ = {isa = PBXFileReference; lastKnownFileType = sourcecode.c.h; path = "UDMSwift-Bridging-Header.h"; sourceTree = "<group>"; };
		4A8075581D689FC6006536A8 /* GoogleService-Info.plist */ = {isa = PBXFileReference; fileEncoding = 4; lastKnownFileType = text.plist.xml; path = "GoogleService-Info.plist"; sourceTree = "<group>"; };
		4A80755E1D68AC5C006536A8 /* UDMConfig.swift */ = {isa = PBXFileReference; fileEncoding = 4; lastKnownFileType = sourcecode.swift; path = UDMConfig.swift; sourceTree = "<group>"; };
		4A8075601D68B1C5006536A8 /* CourseInfoDetailViewController.swift */ = {isa = PBXFileReference; fileEncoding = 4; lastKnownFileType = sourcecode.swift; path = CourseInfoDetailViewController.swift; sourceTree = "<group>"; };
		4A8075621D68B55F006536A8 /* DetailListViewController.swift */ = {isa = PBXFileReference; fileEncoding = 4; lastKnownFileType = sourcecode.swift; path = DetailListViewController.swift; sourceTree = "<group>"; };
		4A8075691D68BAD2006536A8 /* FBSDKCoreKit.framework */ = {isa = PBXFileReference; lastKnownFileType = wrapper.framework; path = FBSDKCoreKit.framework; sourceTree = "<group>"; };
		4A80756A1D68BAD2006536A8 /* FBSDKLoginKit.framework */ = {isa = PBXFileReference; lastKnownFileType = wrapper.framework; path = FBSDKLoginKit.framework; sourceTree = "<group>"; };
		4A80756D1D68BB91006536A8 /* Bolts.framework */ = {isa = PBXFileReference; lastKnownFileType = wrapper.framework; path = Bolts.framework; sourceTree = "<group>"; };
		4A8ABF781D839D940025D6CA /* Dictionary+UDMSwift.swift */ = {isa = PBXFileReference; fileEncoding = 4; lastKnownFileType = sourcecode.swift; path = "Dictionary+UDMSwift.swift"; sourceTree = "<group>"; };
		4A8ABF7A1D83BBEC0025D6CA /* AlamofireManager.swift */ = {isa = PBXFileReference; fileEncoding = 4; lastKnownFileType = sourcecode.swift; path = AlamofireManager.swift; sourceTree = "<group>"; };
		4A8ABF7C1D83BC0B0025D6CA /* ChameleonFrameworkManager.swift */ = {isa = PBXFileReference; fileEncoding = 4; lastKnownFileType = sourcecode.swift; path = ChameleonFrameworkManager.swift; sourceTree = "<group>"; };
		4AACAD981D8CE2CD003E34A7 /* ReachabilityManager.swift */ = {isa = PBXFileReference; fileEncoding = 4; lastKnownFileType = sourcecode.swift; path = ReachabilityManager.swift; sourceTree = "<group>"; };
		4AACAD9A1D8CE75E003E34A7 /* String+UDMSwift.swift */ = {isa = PBXFileReference; fileEncoding = 4; lastKnownFileType = sourcecode.swift; path = "String+UDMSwift.swift"; sourceTree = "<group>"; };
		4AC2FB131D694AD4007615C8 /* RatingControlView.swift */ = {isa = PBXFileReference; fileEncoding = 4; lastKnownFileType = sourcecode.swift; path = RatingControlView.swift; sourceTree = "<group>"; };
		4AC2FB151D69795E007615C8 /* CouresListViewController.swift */ = {isa = PBXFileReference; fileEncoding = 4; lastKnownFileType = sourcecode.swift; path = CouresListViewController.swift; sourceTree = "<group>"; };
		4AC2FB161D69795E007615C8 /* CourseDetailViewController.swift */ = {isa = PBXFileReference; fileEncoding = 4; lastKnownFileType = sourcecode.swift; path = CourseDetailViewController.swift; sourceTree = "<group>"; };
		4AC2FB191D6979CE007615C8 /* ReusableView.swift */ = {isa = PBXFileReference; fileEncoding = 4; lastKnownFileType = sourcecode.swift; path = ReusableView.swift; sourceTree = "<group>"; };
		4AC2FB1C1D69B6BB007615C8 /* TestAppViewController.swift */ = {isa = PBXFileReference; fileEncoding = 4; lastKnownFileType = sourcecode.swift; path = TestAppViewController.swift; sourceTree = "<group>"; };
		4AC2FB231D6A1BB0007615C8 /* StorageService.swift */ = {isa = PBXFileReference; fileEncoding = 4; lastKnownFileType = sourcecode.swift; path = StorageService.swift; sourceTree = "<group>"; };
		4AC2FB251D6A1C66007615C8 /* UDMService.swift */ = {isa = PBXFileReference; fileEncoding = 4; lastKnownFileType = sourcecode.swift; path = UDMService.swift; sourceTree = "<group>"; };
		4AC5A6821DA1439900092A00 /* CourseCellDetail.xib */ = {isa = PBXFileReference; fileEncoding = 4; lastKnownFileType = file.xib; path = CourseCellDetail.xib; sourceTree = "<group>"; };
		4AC5A6841DA143E300092A00 /* CourseCellDetail.swift */ = {isa = PBXFileReference; fileEncoding = 4; lastKnownFileType = sourcecode.swift; path = CourseCellDetail.swift; sourceTree = "<group>"; };
		4AC8551F1D71C5DC00B6D4B8 /* SettingDetailViewController.swift */ = {isa = PBXFileReference; fileEncoding = 4; lastKnownFileType = sourcecode.swift; path = SettingDetailViewController.swift; sourceTree = "<group>"; };
		4AC855211D71C5FC00B6D4B8 /* AccountSettingViewController.swift */ = {isa = PBXFileReference; fileEncoding = 4; lastKnownFileType = sourcecode.swift; path = AccountSettingViewController.swift; sourceTree = "<group>"; };
		4ACBE2FC1D787DB500360B9A /* Validatable.swift */ = {isa = PBXFileReference; fileEncoding = 4; lastKnownFileType = sourcecode.swift; path = Validatable.swift; sourceTree = "<group>"; };
		4ACBE2FD1D787DB500360B9A /* ValidationDelegate.swift */ = {isa = PBXFileReference; fileEncoding = 4; lastKnownFileType = sourcecode.swift; path = ValidationDelegate.swift; sourceTree = "<group>"; };
		4ACBE2FE1D787DB500360B9A /* ValidationError.swift */ = {isa = PBXFileReference; fileEncoding = 4; lastKnownFileType = sourcecode.swift; path = ValidationError.swift; sourceTree = "<group>"; };
		4ACBE2FF1D787DB500360B9A /* Validator.swift */ = {isa = PBXFileReference; fileEncoding = 4; lastKnownFileType = sourcecode.swift; path = Validator.swift; sourceTree = "<group>"; };
		4ACBE3001D787DB500360B9A /* ValidatorDictionary.swift */ = {isa = PBXFileReference; fileEncoding = 4; lastKnownFileType = sourcecode.swift; path = ValidatorDictionary.swift; sourceTree = "<group>"; };
		4ACBE3031D787DB500360B9A /* AlphaNumericRule.swift */ = {isa = PBXFileReference; fileEncoding = 4; lastKnownFileType = sourcecode.swift; path = AlphaNumericRule.swift; sourceTree = "<group>"; };
		4ACBE3041D787DB500360B9A /* AlphaRule.swift */ = {isa = PBXFileReference; fileEncoding = 4; lastKnownFileType = sourcecode.swift; path = AlphaRule.swift; sourceTree = "<group>"; };
		4ACBE3051D787DB500360B9A /* CharacterSetRule.swift */ = {isa = PBXFileReference; fileEncoding = 4; lastKnownFileType = sourcecode.swift; path = CharacterSetRule.swift; sourceTree = "<group>"; };
		4ACBE3061D787DB500360B9A /* ConfirmRule.swift */ = {isa = PBXFileReference; fileEncoding = 4; lastKnownFileType = sourcecode.swift; path = ConfirmRule.swift; sourceTree = "<group>"; };
		4ACBE3071D787DB500360B9A /* EmailRule.swift */ = {isa = PBXFileReference; fileEncoding = 4; lastKnownFileType = sourcecode.swift; path = EmailRule.swift; sourceTree = "<group>"; };
		4ACBE3081D787DB500360B9A /* ExactLengthRule.swift */ = {isa = PBXFileReference; fileEncoding = 4; lastKnownFileType = sourcecode.swift; path = ExactLengthRule.swift; sourceTree = "<group>"; };
		4ACBE3091D787DB500360B9A /* FloatRule.swift */ = {isa = PBXFileReference; fileEncoding = 4; lastKnownFileType = sourcecode.swift; path = FloatRule.swift; sourceTree = "<group>"; };
		4ACBE30A1D787DB500360B9A /* FullNameRule.swift */ = {isa = PBXFileReference; fileEncoding = 4; lastKnownFileType = sourcecode.swift; path = FullNameRule.swift; sourceTree = "<group>"; };
		4ACBE30B1D787DB500360B9A /* HexColorRule.swift */ = {isa = PBXFileReference; fileEncoding = 4; lastKnownFileType = sourcecode.swift; path = HexColorRule.swift; sourceTree = "<group>"; };
		4ACBE30C1D787DB500360B9A /* IPV4Rule.swift */ = {isa = PBXFileReference; fileEncoding = 4; lastKnownFileType = sourcecode.swift; path = IPV4Rule.swift; sourceTree = "<group>"; };
		4ACBE30D1D787DB500360B9A /* ISBNRule.swift */ = {isa = PBXFileReference; fileEncoding = 4; lastKnownFileType = sourcecode.swift; path = ISBNRule.swift; sourceTree = "<group>"; };
		4ACBE30E1D787DB500360B9A /* MaxLengthRule.swift */ = {isa = PBXFileReference; fileEncoding = 4; lastKnownFileType = sourcecode.swift; path = MaxLengthRule.swift; sourceTree = "<group>"; };
		4ACBE30F1D787DB500360B9A /* MinLengthRule.swift */ = {isa = PBXFileReference; fileEncoding = 4; lastKnownFileType = sourcecode.swift; path = MinLengthRule.swift; sourceTree = "<group>"; };
		4ACBE3101D787DB500360B9A /* PasswordRule.swift */ = {isa = PBXFileReference; fileEncoding = 4; lastKnownFileType = sourcecode.swift; path = PasswordRule.swift; sourceTree = "<group>"; };
		4ACBE3111D787DB500360B9A /* PhoneNumberRule.swift */ = {isa = PBXFileReference; fileEncoding = 4; lastKnownFileType = sourcecode.swift; path = PhoneNumberRule.swift; sourceTree = "<group>"; };
		4ACBE3121D787DB500360B9A /* RegexRule.swift */ = {isa = PBXFileReference; fileEncoding = 4; lastKnownFileType = sourcecode.swift; path = RegexRule.swift; sourceTree = "<group>"; };
		4ACBE3131D787DB500360B9A /* RequiredRule.swift */ = {isa = PBXFileReference; fileEncoding = 4; lastKnownFileType = sourcecode.swift; path = RequiredRule.swift; sourceTree = "<group>"; };
		4ACBE3141D787DB500360B9A /* Rule.swift */ = {isa = PBXFileReference; fileEncoding = 4; lastKnownFileType = sourcecode.swift; path = Rule.swift; sourceTree = "<group>"; };
		4ACBE3151D787DB500360B9A /* ValidationRule.swift */ = {isa = PBXFileReference; fileEncoding = 4; lastKnownFileType = sourcecode.swift; path = ValidationRule.swift; sourceTree = "<group>"; };
		4ACBE3161D787DB500360B9A /* ZipCodeRule.swift */ = {isa = PBXFileReference; fileEncoding = 4; lastKnownFileType = sourcecode.swift; path = ZipCodeRule.swift; sourceTree = "<group>"; };
		4ACBE3171D787DB500360B9A /* SwiftValidator.h */ = {isa = PBXFileReference; fileEncoding = 4; lastKnownFileType = sourcecode.c.h; path = SwiftValidator.h; sourceTree = "<group>"; };
		4ACBE3321D7890FA00360B9A /* EdidAccountSettingViewController.swift */ = {isa = PBXFileReference; fileEncoding = 4; lastKnownFileType = sourcecode.swift; path = EdidAccountSettingViewController.swift; sourceTree = "<group>"; };
		4AE7B16B1D8D80E40004ACB0 /* ModelRealm.swift */ = {isa = PBXFileReference; fileEncoding = 4; lastKnownFileType = sourcecode.swift; path = ModelRealm.swift; sourceTree = "<group>"; };
		4AE7B16D1D8D810B0004ACB0 /* CacheManager.swift */ = {isa = PBXFileReference; fileEncoding = 4; lastKnownFileType = sourcecode.swift; path = CacheManager.swift; sourceTree = "<group>"; };
		4AEAA34B1DA407FC00CC5659 /* VideoViewController.swift */ = {isa = PBXFileReference; fileEncoding = 4; lastKnownFileType = sourcecode.swift; path = VideoViewController.swift; sourceTree = "<group>"; };
		4AEAA34D1DA4165F00CC5659 /* StreamVideoViewController.swift */ = {isa = PBXFileReference; fileEncoding = 4; lastKnownFileType = sourcecode.swift; path = StreamVideoViewController.swift; sourceTree = "<group>"; };
		4AEF4F061D6F570500800244 /* UDMLog.swift */ = {isa = PBXFileReference; fileEncoding = 4; lastKnownFileType = sourcecode.swift; path = UDMLog.swift; sourceTree = "<group>"; };
		4AEF4F081D6F571C00800244 /* UDMAlert.swift */ = {isa = PBXFileReference; fileEncoding = 4; lastKnownFileType = sourcecode.swift; path = UDMAlert.swift; sourceTree = "<group>"; };
		4AEF4F0A1D6F591300800244 /* UDMHUD.swift */ = {isa = PBXFileReference; fileEncoding = 4; lastKnownFileType = sourcecode.swift; path = UDMHUD.swift; sourceTree = "<group>"; };
		4AF36B3F1D6F438200138BF7 /* UDMHelpers.swift */ = {isa = PBXFileReference; fileEncoding = 4; lastKnownFileType = sourcecode.swift; path = UDMHelpers.swift; sourceTree = "<group>"; };
		9264E9F11D64188500D8B066 /* SearchCoursesViewController.swift */ = {isa = PBXFileReference; fileEncoding = 4; lastKnownFileType = sourcecode.swift; path = SearchCoursesViewController.swift; sourceTree = "<group>"; };
		9264E9F61D644F1500D8B066 /* SettingViewController.swift */ = {isa = PBXFileReference; fileEncoding = 4; lastKnownFileType = sourcecode.swift; path = SettingViewController.swift; sourceTree = "<group>"; };
		9264E9F81D64500100D8B066 /* WishListViewController.swift */ = {isa = PBXFileReference; fileEncoding = 4; lastKnownFileType = sourcecode.swift; path = WishListViewController.swift; sourceTree = "<group>"; };
		9264E9FD1D64626F00D8B066 /* CategoryViewController.swift */ = {isa = PBXFileReference; fileEncoding = 4; lastKnownFileType = sourcecode.swift; path = CategoryViewController.swift; sourceTree = "<group>"; };
		92D18E451D630CC000E7793C /* MyCoursesViewController.swift */ = {isa = PBXFileReference; fileEncoding = 4; lastKnownFileType = sourcecode.swift; path = MyCoursesViewController.swift; sourceTree = "<group>"; };
		AA6C0C05FE1FD4C1259ECFA9 /* Pods-UDMSwift.debug.xcconfig */ = {isa = PBXFileReference; includeInIndex = 1; lastKnownFileType = text.xcconfig; name = "Pods-UDMSwift.debug.xcconfig"; path = "Pods/Target Support Files/Pods-UDMSwift/Pods-UDMSwift.debug.xcconfig"; sourceTree = "<group>"; };
		CE630F250369024552306D0C /* Pods_UDMSwift.framework */ = {isa = PBXFileReference; explicitFileType = wrapper.framework; includeInIndex = 0; path = Pods_UDMSwift.framework; sourceTree = BUILT_PRODUCTS_DIR; };
/* End PBXFileReference section */

/* Begin PBXFrameworksBuildPhase section */
		4A4535461D61FAEF00CFFFC5 /* Frameworks */ = {
			isa = PBXFrameworksBuildPhase;
			buildActionMask = 2147483647;
			files = (
				4A69B99F1DAD3722009ACC18 /* libstdc++.6.0.9.tbd in Frameworks */,
				4A69B99D1DAD370E009ACC18 /* libiconv.2.4.0.tbd in Frameworks */,
				4A69B99B1DAD36ED009ACC18 /* R5Streaming.framework in Frameworks */,
				4A69B9971DAD3675009ACC18 /* QuartzCore.framework in Frameworks */,
				4A69B9951DAD3669009ACC18 /* CoreFoundation.framework in Frameworks */,
				4A69B9931DAD3654009ACC18 /* OpenAL.framework in Frameworks */,
				B01DA42C595FBB70139A4F79 /* Pods_UDMSwift.framework in Frameworks */,
				4A80756B1D68BAD2006536A8 /* FBSDKCoreKit.framework in Frameworks */,
				4A80756C1D68BAD2006536A8 /* FBSDKLoginKit.framework in Frameworks */,
				4A80756E1D68BB91006536A8 /* Bolts.framework in Frameworks */,
			);
			runOnlyForDeploymentPostprocessing = 0;
		};
/* End PBXFrameworksBuildPhase section */

/* Begin PBXGroup section */
		391D6DA63AF1EC7A05BC353E /* Pods */ = {
			isa = PBXGroup;
			children = (
				AA6C0C05FE1FD4C1259ECFA9 /* Pods-UDMSwift.debug.xcconfig */,
				3D08753B785755DECEA78367 /* Pods-UDMSwift.release.xcconfig */,
			);
			name = Pods;
			sourceTree = "<group>";
		};
		3E01993272E45336A60C63AD /* Frameworks */ = {
			isa = PBXGroup;
			children = (
				4A69B99E1DAD3722009ACC18 /* libstdc++.6.0.9.tbd */,
				4A69B99C1DAD370E009ACC18 /* libiconv.2.4.0.tbd */,
				4A69B99A1DAD36ED009ACC18 /* R5Streaming.framework */,
				4A69B9981DAD3694009ACC18 /* R5Streaming.framework */,
				4A69B9961DAD3675009ACC18 /* QuartzCore.framework */,
				4A69B9941DAD3669009ACC18 /* CoreFoundation.framework */,
				4A69B9921DAD3654009ACC18 /* OpenAL.framework */,
				CE630F250369024552306D0C /* Pods_UDMSwift.framework */,
			);
			name = Frameworks;
			sourceTree = "<group>";
		};
		4A4535401D61FAEF00CFFFC5 = {
			isa = PBXGroup;
			children = (
				4A45354B1D61FAEF00CFFFC5 /* UDMSwift */,
				4A45354A1D61FAEF00CFFFC5 /* Products */,
				391D6DA63AF1EC7A05BC353E /* Pods */,
				3E01993272E45336A60C63AD /* Frameworks */,
				4A69BA161DAD3E63009ACC18 /* UDMSwift teacher.plist */,
			);
			sourceTree = "<group>";
		};
		4A45354A1D61FAEF00CFFFC5 /* Products */ = {
			isa = PBXGroup;
			children = (
				4A4535491D61FAEF00CFFFC5 /* UDMSwift.app */,
			);
			name = Products;
			sourceTree = "<group>";
		};
		4A45354B1D61FAEF00CFFFC5 /* UDMSwift */ = {
			isa = PBXGroup;
			children = (
				4A8ABF771D839CDB0025D6CA /* Extensions */,
				4AC2FB271D6A1D43007615C8 /* Caches */,
				4AC2FB221D6A1AD7007615C8 /* Services */,
				4A8075641D68B6E2006536A8 /* Library */,
				4A4535611D61FBDE00CFFFC5 /* Helpers */,
				4A45355F1D61FBB900CFFFC5 /* Models */,
				4A45355E1D61FB9C00CFFFC5 /* ViewControllers */,
				4A45354C1D61FAEF00CFFFC5 /* AppDelegate.swift */,
				4A4535531D61FAEF00CFFFC5 /* Assets.xcassets */,
				4A4535551D61FAEF00CFFFC5 /* LaunchScreen.storyboard */,
				4A8075581D689FC6006536A8 /* GoogleService-Info.plist */,
				4A4535581D61FAEF00CFFFC5 /* Info.plist */,
			);
			path = UDMSwift;
			sourceTree = "<group>";
		};
		4A45355E1D61FB9C00CFFFC5 /* ViewControllers */ = {
			isa = PBXGroup;
			children = (
				4A1B71D91D84EDB3006C3655 /* ViewControllerProtocol.swift */,
				4AC8551E1D71C58F00B6D4B8 /* Settings */,
				4AC2FB121D694A8B007615C8 /* Commons */,
				9264E9FC1D64620A00D8B066 /* Categories */,
				9264E9FB1D6461BD00D8B066 /* Sourse */,
				4A4535691D61FFA800CFFFC5 /* Custom */,
				4A4535621D61FC8600CFFFC5 /* Main */,
			);
			path = ViewControllers;
			sourceTree = "<group>";
		};
		4A45355F1D61FBB900CFFFC5 /* Models */ = {
			isa = PBXGroup;
			children = (
				4A7DD4AD1D680E6400AB0BD2 /* Account */,
			);
			name = Models;
			path = Model;
			sourceTree = "<group>";
		};
		4A4535611D61FBDE00CFFFC5 /* Helpers */ = {
			isa = PBXGroup;
			children = (
				4A80755E1D68AC5C006536A8 /* UDMConfig.swift */,
				4AF36B3F1D6F438200138BF7 /* UDMHelpers.swift */,
				4AEF4F061D6F570500800244 /* UDMLog.swift */,
				4AEF4F081D6F571C00800244 /* UDMAlert.swift */,
				4AEF4F0A1D6F591300800244 /* UDMHUD.swift */,
				4A5C50321D81BB26007F65E1 /* UDMInfoDictionaryBuilder.swift */,
				4A7DD4B11D681C1200AB0BD2 /* UDMSwift-Bridging-Header.h */,
			);
			name = Helpers;
			path = Helper;
			sourceTree = "<group>";
		};
		4A4535621D61FC8600CFFFC5 /* Main */ = {
			isa = PBXGroup;
			children = (
				4A4535651D61FE4600CFFFC5 /* Main.storyboard */,
				4A4535671D61FE7700CFFFC5 /* MainViewController.swift */,
				92D18E451D630CC000E7793C /* MyCoursesViewController.swift */,
				9264E9F11D64188500D8B066 /* SearchCoursesViewController.swift */,
				9264E9F61D644F1500D8B066 /* SettingViewController.swift */,
				9264E9F81D64500100D8B066 /* WishListViewController.swift */,
				4A7DD4AB1D680C2B00AB0BD2 /* SignInViewController.swift */,
				4A8075601D68B1C5006536A8 /* CourseInfoDetailViewController.swift */,
				4A8075621D68B55F006536A8 /* DetailListViewController.swift */,
				4AC2FB1C1D69B6BB007615C8 /* TestAppViewController.swift */,
				4A515A121D6B6BF900D043DC /* SignUpViewController.swift */,
				4A1A42351D88549A00FF5522 /* EmptyViewController.swift */,
				4AEAA34D1DA4165F00CC5659 /* StreamVideoViewController.swift */,
				4A3C404A1DB902DA00C599E8 /* ListStreamVideoViewController.swift */,
			);
			path = Main;
			sourceTree = "<group>";
		};
		4A4535691D61FFA800CFFFC5 /* Custom */ = {
			isa = PBXGroup;
			children = (
				4AC2FB191D6979CE007615C8 /* ReusableView.swift */,
				4A4535771D62025800CFFFC5 /* TableViewCell */,
				4A45356A1D61FFC300CFFFC5 /* CollectionViewCell */,
				4AEAA34B1DA407FC00CC5659 /* VideoViewController.swift */,
			);
			path = Custom;
			sourceTree = "<group>";
		};
		4A45356A1D61FFC300CFFFC5 /* CollectionViewCell */ = {
			isa = PBXGroup;
			children = (
				4A45356B1D6200B800CFFFC5 /* CoursesCollectionViewCell.swift */,
				4A45356C1D6200B800CFFFC5 /* CoursesCollectionViewCell.xib */,
				4A45356F1D6200F500CFFFC5 /* CategoriesCollectionViewCell.swift */,
				4A4535701D6200F500CFFFC5 /* CategoriesCollectionViewCell.xib */,
				4A4535731D62019900CFFFC5 /* CommonCategoriesCollectionViewCell.swift */,
				4A4535751D6201C300CFFFC5 /* CommonCategoriesCollectionViewCell.xib */,
				4A2DBD691D9C28EC00978A0E /* CategoriesCollectionViewMain.swift */,
				4A2DBD6B1D9C290B00978A0E /* CategoriesCollectionViewMain.xib */,
			);
			path = CollectionViewCell;
			sourceTree = "<group>";
		};
		4A4535771D62025800CFFFC5 /* TableViewCell */ = {
			isa = PBXGroup;
			children = (
				4A4535781D6202B800CFFFC5 /* MainTableViewCell.swift */,
				4A6E03641D6612EC00C2717C /* CourseVideoCell.swift */,
				4A6E036E1D6616D300C2717C /* CourseVideoCell.xib */,
				4A6E03661D6613C400C2717C /* CourseDescriptionCell.swift */,
				4A6E03701D6616F300C2717C /* CourseDescriptionCell.xib */,
				4A6E03681D66144200C2717C /* CourseCurriculumCell.swift */,
				4A6E03721D66170500C2717C /* CourseCurriculumCell.xib */,
				4A6E036A1D66148D00C2717C /* CourseReviewsCell.swift */,
				4A6E03741D66171800C2717C /* CourseReviewsCell.xib */,
				4A6E036C1D66160E00C2717C /* CourseCell.swift */,
				4A6E03761D66172B00C2717C /* CourseCell.xib */,
				4A6E03781D66181400C2717C /* CourseInstructorCell.swift */,
				4A6E03791D66181400C2717C /* CourseInstructorCell.xib */,
				4A351AE81D675F780053B4A2 /* ReviewsCell.swift */,
				4A351AE91D675F780053B4A2 /* ReviewsCell.xib */,
				4AC5A6821DA1439900092A00 /* CourseCellDetail.xib */,
				4AC5A6841DA143E300092A00 /* CourseCellDetail.swift */,
			);
			path = TableViewCell;
			sourceTree = "<group>";
		};
		4A7DD4AD1D680E6400AB0BD2 /* Account */ = {
			isa = PBXGroup;
			children = (
				4A214A991D70765200525B06 /* Teacher.swift */,
				4A214A9B1D70782F00525B06 /* Account.swift */,
			);
			path = Account;
			sourceTree = "<group>";
		};
		4A8075641D68B6E2006536A8 /* Library */ = {
			isa = PBXGroup;
			children = (
				4ACBE2FA1D787DB500360B9A /* SwiftValidator */,
				4A80756D1D68BB91006536A8 /* Bolts.framework */,
				4A8075691D68BAD2006536A8 /* FBSDKCoreKit.framework */,
				4A80756A1D68BAD2006536A8 /* FBSDKLoginKit.framework */,
				4A8ABF7A1D83BBEC0025D6CA /* AlamofireManager.swift */,
				4A8ABF7C1D83BC0B0025D6CA /* ChameleonFrameworkManager.swift */,
				4AACAD981D8CE2CD003E34A7 /* ReachabilityManager.swift */,
				4A6458591DA69A720007BEB8 /* R5StreamingManager.swift */,
				4A64585B1DA6A1080007BEB8 /* CustomVideoSource.swift */,
			);
			path = Library;
			sourceTree = "<group>";
		};
		4A8ABF771D839CDB0025D6CA /* Extensions */ = {
			isa = PBXGroup;
			children = (
				4A8ABF781D839D940025D6CA /* Dictionary+UDMSwift.swift */,
				4AACAD9A1D8CE75E003E34A7 /* String+UDMSwift.swift */,
				4A5B7EF31D903F1800275788 /* Results+UDMSwift.swift */,
			);
			path = Extensions;
			sourceTree = "<group>";
		};
		4AC2FB121D694A8B007615C8 /* Commons */ = {
			isa = PBXGroup;
			children = (
				4AC2FB131D694AD4007615C8 /* RatingControlView.swift */,
			);
			path = Commons;
			sourceTree = "<group>";
		};
		4AC2FB221D6A1AD7007615C8 /* Services */ = {
			isa = PBXGroup;
			children = (
				4AC2FB231D6A1BB0007615C8 /* StorageService.swift */,
				4AC2FB251D6A1C66007615C8 /* UDMService.swift */,
			);
			path = Services;
			sourceTree = "<group>";
		};
		4AC2FB271D6A1D43007615C8 /* Caches */ = {
			isa = PBXGroup;
			children = (
				4AE7B16B1D8D80E40004ACB0 /* ModelRealm.swift */,
				4AE7B16D1D8D810B0004ACB0 /* CacheManager.swift */,
			);
			path = Caches;
			sourceTree = "<group>";
		};
		4AC8551E1D71C58F00B6D4B8 /* Settings */ = {
			isa = PBXGroup;
			children = (
				4AC8551F1D71C5DC00B6D4B8 /* SettingDetailViewController.swift */,
				4AC855211D71C5FC00B6D4B8 /* AccountSettingViewController.swift */,
				4ACBE3321D7890FA00360B9A /* EdidAccountSettingViewController.swift */,
			);
			path = Settings;
			sourceTree = "<group>";
		};
		4ACBE2FA1D787DB500360B9A /* SwiftValidator */ = {
			isa = PBXGroup;
			children = (
				4ACBE2FB1D787DB500360B9A /* Core */,
				4ACBE3021D787DB500360B9A /* Rules */,
				4ACBE3171D787DB500360B9A /* SwiftValidator.h */,
			);
			path = SwiftValidator;
			sourceTree = "<group>";
		};
		4ACBE2FB1D787DB500360B9A /* Core */ = {
			isa = PBXGroup;
			children = (
				4ACBE2FC1D787DB500360B9A /* Validatable.swift */,
				4ACBE2FD1D787DB500360B9A /* ValidationDelegate.swift */,
				4ACBE2FE1D787DB500360B9A /* ValidationError.swift */,
				4ACBE2FF1D787DB500360B9A /* Validator.swift */,
				4ACBE3001D787DB500360B9A /* ValidatorDictionary.swift */,
			);
			path = Core;
			sourceTree = "<group>";
		};
		4ACBE3021D787DB500360B9A /* Rules */ = {
			isa = PBXGroup;
			children = (
				4ACBE3031D787DB500360B9A /* AlphaNumericRule.swift */,
				4ACBE3041D787DB500360B9A /* AlphaRule.swift */,
				4ACBE3051D787DB500360B9A /* CharacterSetRule.swift */,
				4ACBE3061D787DB500360B9A /* ConfirmRule.swift */,
				4ACBE3071D787DB500360B9A /* EmailRule.swift */,
				4ACBE3081D787DB500360B9A /* ExactLengthRule.swift */,
				4ACBE3091D787DB500360B9A /* FloatRule.swift */,
				4ACBE30A1D787DB500360B9A /* FullNameRule.swift */,
				4ACBE30B1D787DB500360B9A /* HexColorRule.swift */,
				4ACBE30C1D787DB500360B9A /* IPV4Rule.swift */,
				4ACBE30D1D787DB500360B9A /* ISBNRule.swift */,
				4ACBE30E1D787DB500360B9A /* MaxLengthRule.swift */,
				4ACBE30F1D787DB500360B9A /* MinLengthRule.swift */,
				4ACBE3101D787DB500360B9A /* PasswordRule.swift */,
				4ACBE3111D787DB500360B9A /* PhoneNumberRule.swift */,
				4ACBE3121D787DB500360B9A /* RegexRule.swift */,
				4ACBE3131D787DB500360B9A /* RequiredRule.swift */,
				4ACBE3141D787DB500360B9A /* Rule.swift */,
				4ACBE3151D787DB500360B9A /* ValidationRule.swift */,
				4ACBE3161D787DB500360B9A /* ZipCodeRule.swift */,
			);
			path = Rules;
			sourceTree = "<group>";
		};
		9264E9FB1D6461BD00D8B066 /* Sourse */ = {
			isa = PBXGroup;
			children = (
				4AC2FB151D69795E007615C8 /* CouresListViewController.swift */,
				4AC2FB161D69795E007615C8 /* CourseDetailViewController.swift */,
				4A17A6D81DAE852E003927BB /* ReviewListViewController.swift */,
				4A17A6DA1DAE8C70003927BB /* CurriculumnListViewController.swift */,
				4A65B7611DD3642000CFAA3B /* RatingViewController.swift */,
			);
			path = Sourse;
			sourceTree = "<group>";
		};
		9264E9FC1D64620A00D8B066 /* Categories */ = {
			isa = PBXGroup;
			children = (
				9264E9FD1D64626F00D8B066 /* CategoryViewController.swift */,
			);
			path = Categories;
			sourceTree = "<group>";
		};
/* End PBXGroup section */

/* Begin PBXNativeTarget section */
		4A4535481D61FAEF00CFFFC5 /* UDMSwift */ = {
			isa = PBXNativeTarget;
			buildConfigurationList = 4A45355B1D61FAEF00CFFFC5 /* Build configuration list for PBXNativeTarget "UDMSwift" */;
			buildPhases = (
				F1CA742594A7B03B363EC39C /* 📦 Check Pods Manifest.lock */,
				4A4535451D61FAEF00CFFFC5 /* Sources */,
				4A4535461D61FAEF00CFFFC5 /* Frameworks */,
				4A4535471D61FAEF00CFFFC5 /* Resources */,
				A8A21E997020CFC53F8DD30F /* 📦 Embed Pods Frameworks */,
				14DC4979EE2893A0D6FCDB7B /* 📦 Copy Pods Resources */,
			);
			buildRules = (
			);
			dependencies = (
			);
			name = UDMSwift;
			productName = UDMSwift;
			productReference = 4A4535491D61FAEF00CFFFC5 /* UDMSwift.app */;
			productType = "com.apple.product-type.application";
		};
/* End PBXNativeTarget section */

/* Begin PBXProject section */
		4A4535411D61FAEF00CFFFC5 /* Project object */ = {
			isa = PBXProject;
			attributes = {
				LastSwiftUpdateCheck = 0730;
				LastUpgradeCheck = 0730;
				ORGANIZATIONNAME = XUANVINHTD;
				TargetAttributes = {
					4A4535481D61FAEF00CFFFC5 = {
						CreatedOnToolsVersion = 7.3.1;
						DevelopmentTeam = WRETXPU7JD;
					};
				};
			};
			buildConfigurationList = 4A4535441D61FAEF00CFFFC5 /* Build configuration list for PBXProject "UDMSwift" */;
			compatibilityVersion = "Xcode 3.2";
			developmentRegion = English;
			hasScannedForEncodings = 0;
			knownRegions = (
				en,
				Base,
			);
			mainGroup = 4A4535401D61FAEF00CFFFC5;
			productRefGroup = 4A45354A1D61FAEF00CFFFC5 /* Products */;
			projectDirPath = "";
			projectRoot = "";
			targets = (
				4A4535481D61FAEF00CFFFC5 /* UDMSwift */,
			);
		};
/* End PBXProject section */

/* Begin PBXResourcesBuildPhase section */
		4A4535471D61FAEF00CFFFC5 /* Resources */ = {
			isa = PBXResourcesBuildPhase;
			buildActionMask = 2147483647;
			files = (
				4A6E03731D66170500C2717C /* CourseCurriculumCell.xib in Resources */,
				4A6E036F1D6616D300C2717C /* CourseVideoCell.xib in Resources */,
				4A4535661D61FE4600CFFFC5 /* Main.storyboard in Resources */,
				4A4535721D6200F500CFFFC5 /* CategoriesCollectionViewCell.xib in Resources */,
				4A45356E1D6200B800CFFFC5 /* CoursesCollectionViewCell.xib in Resources */,
				4A351AEB1D675F780053B4A2 /* ReviewsCell.xib in Resources */,
				4A4535571D61FAEF00CFFFC5 /* LaunchScreen.storyboard in Resources */,
				4A6E03751D66171800C2717C /* CourseReviewsCell.xib in Resources */,
				4A6E03771D66172B00C2717C /* CourseCell.xib in Resources */,
				4AC5A6831DA1439900092A00 /* CourseCellDetail.xib in Resources */,
				4A4535541D61FAEF00CFFFC5 /* Assets.xcassets in Resources */,
				4A4535761D6201C300CFFFC5 /* CommonCategoriesCollectionViewCell.xib in Resources */,
				4A2DBD6C1D9C290B00978A0E /* CategoriesCollectionViewMain.xib in Resources */,
				4A6E03711D6616F300C2717C /* CourseDescriptionCell.xib in Resources */,
				4A6E037B1D66181400C2717C /* CourseInstructorCell.xib in Resources */,
				4A8075591D689FC6006536A8 /* GoogleService-Info.plist in Resources */,
			);
			runOnlyForDeploymentPostprocessing = 0;
		};
/* End PBXResourcesBuildPhase section */

/* Begin PBXShellScriptBuildPhase section */
		14DC4979EE2893A0D6FCDB7B /* 📦 Copy Pods Resources */ = {
			isa = PBXShellScriptBuildPhase;
			buildActionMask = 2147483647;
			files = (
			);
			inputPaths = (
			);
			name = "📦 Copy Pods Resources";
			outputPaths = (
			);
			runOnlyForDeploymentPostprocessing = 0;
			shellPath = /bin/sh;
			shellScript = "\"${SRCROOT}/Pods/Target Support Files/Pods-UDMSwift/Pods-UDMSwift-resources.sh\"\n";
			showEnvVarsInLog = 0;
		};
		A8A21E997020CFC53F8DD30F /* 📦 Embed Pods Frameworks */ = {
			isa = PBXShellScriptBuildPhase;
			buildActionMask = 2147483647;
			files = (
			);
			inputPaths = (
			);
			name = "📦 Embed Pods Frameworks";
			outputPaths = (
			);
			runOnlyForDeploymentPostprocessing = 0;
			shellPath = /bin/sh;
			shellScript = "\"${SRCROOT}/Pods/Target Support Files/Pods-UDMSwift/Pods-UDMSwift-frameworks.sh\"\n";
			showEnvVarsInLog = 0;
		};
		F1CA742594A7B03B363EC39C /* 📦 Check Pods Manifest.lock */ = {
			isa = PBXShellScriptBuildPhase;
			buildActionMask = 2147483647;
			files = (
			);
			inputPaths = (
			);
			name = "📦 Check Pods Manifest.lock";
			outputPaths = (
			);
			runOnlyForDeploymentPostprocessing = 0;
			shellPath = /bin/sh;
			shellScript = "diff \"${PODS_ROOT}/../Podfile.lock\" \"${PODS_ROOT}/Manifest.lock\" > /dev/null\nif [[ $? != 0 ]] ; then\n    cat << EOM\nerror: The sandbox is not in sync with the Podfile.lock. Run 'pod install' or update your CocoaPods installation.\nEOM\n    exit 1\nfi\n";
			showEnvVarsInLog = 0;
		};
/* End PBXShellScriptBuildPhase section */

/* Begin PBXSourcesBuildPhase section */
		4A4535451D61FAEF00CFFFC5 /* Sources */ = {
			isa = PBXSourcesBuildPhase;
			buildActionMask = 2147483647;
			files = (
				4AE7B16E1D8D810B0004ACB0 /* CacheManager.swift in Sources */,
				4AC2FB1D1D69B6BB007615C8 /* TestAppViewController.swift in Sources */,
				4AEF4F0B1D6F591300800244 /* UDMHUD.swift in Sources */,
				4AC2FB141D694AD4007615C8 /* RatingControlView.swift in Sources */,
				4A3C404B1DB902DA00C599E8 /* ListStreamVideoViewController.swift in Sources */,
				4ACBE32F1D787DB500360B9A /* Rule.swift in Sources */,
				4ACBE3191D787DB500360B9A /* ValidationDelegate.swift in Sources */,
				4ACBE31F1D787DB500360B9A /* AlphaRule.swift in Sources */,
				4ACBE3231D787DB500360B9A /* ExactLengthRule.swift in Sources */,
				4ACBE31C1D787DB500360B9A /* ValidatorDictionary.swift in Sources */,
				4ACBE32E1D787DB500360B9A /* RequiredRule.swift in Sources */,
				9264E9FE1D64626F00D8B066 /* CategoryViewController.swift in Sources */,
				9264E9F21D64188500D8B066 /* SearchCoursesViewController.swift in Sources */,
				4ACBE3181D787DB500360B9A /* Validatable.swift in Sources */,
				4AACAD991D8CE2CD003E34A7 /* ReachabilityManager.swift in Sources */,
				4AF36B401D6F438200138BF7 /* UDMHelpers.swift in Sources */,
				4A64585A1DA69A720007BEB8 /* R5StreamingManager.swift in Sources */,
				4A4535681D61FE7700CFFFC5 /* MainViewController.swift in Sources */,
				4A5B7EF41D903F1800275788 /* Results+UDMSwift.swift in Sources */,
				4A351AEA1D675F780053B4A2 /* ReviewsCell.swift in Sources */,
				4A214A9C1D70782F00525B06 /* Account.swift in Sources */,
				4A65B7621DD3642000CFAA3B /* RatingViewController.swift in Sources */,
				4AEAA34E1DA4165F00CC5659 /* StreamVideoViewController.swift in Sources */,
				4A8ABF7D1D83BC0B0025D6CA /* ChameleonFrameworkManager.swift in Sources */,
				4A8ABF7B1D83BBEC0025D6CA /* AlamofireManager.swift in Sources */,
				4A1B71DA1D84EDB3006C3655 /* ViewControllerProtocol.swift in Sources */,
				4A17A6DB1DAE8C70003927BB /* CurriculumnListViewController.swift in Sources */,
				4A17A6D91DAE852E003927BB /* ReviewListViewController.swift in Sources */,
				92D18E461D630CC000E7793C /* MyCoursesViewController.swift in Sources */,
				4AC2FB261D6A1C66007615C8 /* UDMService.swift in Sources */,
				4AC855221D71C5FC00B6D4B8 /* AccountSettingViewController.swift in Sources */,
				4ACBE3251D787DB500360B9A /* FullNameRule.swift in Sources */,
				4A45356D1D6200B800CFFFC5 /* CoursesCollectionViewCell.swift in Sources */,
				4AC5A6851DA143E300092A00 /* CourseCellDetail.swift in Sources */,
				4A8ABF791D839D940025D6CA /* Dictionary+UDMSwift.swift in Sources */,
				4AC2FB181D69795E007615C8 /* CourseDetailViewController.swift in Sources */,
				4ACBE3211D787DB500360B9A /* ConfirmRule.swift in Sources */,
				4A6E03671D6613C400C2717C /* CourseDescriptionCell.swift in Sources */,
				4ACBE3301D787DB500360B9A /* ValidationRule.swift in Sources */,
				4ACBE3291D787DB500360B9A /* MaxLengthRule.swift in Sources */,
				4ACBE3261D787DB500360B9A /* HexColorRule.swift in Sources */,
				4A6E036B1D66148D00C2717C /* CourseReviewsCell.swift in Sources */,
				4ACBE32A1D787DB500360B9A /* MinLengthRule.swift in Sources */,
				4ACBE3331D7890FA00360B9A /* EdidAccountSettingViewController.swift in Sources */,
				4A6E03651D6612EC00C2717C /* CourseVideoCell.swift in Sources */,
				4ACBE3281D787DB500360B9A /* ISBNRule.swift in Sources */,
				4AC2FB171D69795E007615C8 /* CouresListViewController.swift in Sources */,
				4A6E037A1D66181400C2717C /* CourseInstructorCell.swift in Sources */,
				4ACBE32C1D787DB500360B9A /* PhoneNumberRule.swift in Sources */,
				4A4535791D6202B800CFFFC5 /* MainTableViewCell.swift in Sources */,
				4AEAA34C1DA407FC00CC5659 /* VideoViewController.swift in Sources */,
				4A515A131D6B6BF900D043DC /* SignUpViewController.swift in Sources */,
				4ACBE31A1D787DB500360B9A /* ValidationError.swift in Sources */,
				4ACBE3241D787DB500360B9A /* FloatRule.swift in Sources */,
				4A8075631D68B55F006536A8 /* DetailListViewController.swift in Sources */,
				4A5C50331D81BB26007F65E1 /* UDMInfoDictionaryBuilder.swift in Sources */,
				4A4535741D62019900CFFFC5 /* CommonCategoriesCollectionViewCell.swift in Sources */,
				4A1A42361D88549A00FF5522 /* EmptyViewController.swift in Sources */,
				4AC2FB241D6A1BB0007615C8 /* StorageService.swift in Sources */,
				4A45354D1D61FAEF00CFFFC5 /* AppDelegate.swift in Sources */,
				4A6E036D1D66160E00C2717C /* CourseCell.swift in Sources */,
				4A214A9A1D70765200525B06 /* Teacher.swift in Sources */,
				4ACBE32B1D787DB500360B9A /* PasswordRule.swift in Sources */,
				4ACBE3221D787DB500360B9A /* EmailRule.swift in Sources */,
				4AC2FB1A1D6979CE007615C8 /* ReusableView.swift in Sources */,
				4AACAD9B1D8CE75E003E34A7 /* String+UDMSwift.swift in Sources */,
				4ACBE31B1D787DB500360B9A /* Validator.swift in Sources */,
				4ACBE32D1D787DB500360B9A /* RegexRule.swift in Sources */,
				4A4535711D6200F500CFFFC5 /* CategoriesCollectionViewCell.swift in Sources */,
				4ACBE3311D787DB500360B9A /* ZipCodeRule.swift in Sources */,
				4A8075611D68B1C5006536A8 /* CourseInfoDetailViewController.swift in Sources */,
				4ACBE3271D787DB500360B9A /* IPV4Rule.swift in Sources */,
				4A64585C1DA6A1080007BEB8 /* CustomVideoSource.swift in Sources */,
				4AEF4F071D6F570500800244 /* UDMLog.swift in Sources */,
				9264E9F91D64500100D8B066 /* WishListViewController.swift in Sources */,
				4A6E03691D66144200C2717C /* CourseCurriculumCell.swift in Sources */,
				4A2DBD6A1D9C28EC00978A0E /* CategoriesCollectionViewMain.swift in Sources */,
				4A7DD4AC1D680C2B00AB0BD2 /* SignInViewController.swift in Sources */,
				4ACBE3201D787DB500360B9A /* CharacterSetRule.swift in Sources */,
				4ACBE31E1D787DB500360B9A /* AlphaNumericRule.swift in Sources */,
				4AC855201D71C5DC00B6D4B8 /* SettingDetailViewController.swift in Sources */,
				4AEF4F091D6F571C00800244 /* UDMAlert.swift in Sources */,
				4A80755F1D68AC5C006536A8 /* UDMConfig.swift in Sources */,
				4AE7B16C1D8D80E40004ACB0 /* ModelRealm.swift in Sources */,
				9264E9F71D644F1500D8B066 /* SettingViewController.swift in Sources */,
			);
			runOnlyForDeploymentPostprocessing = 0;
		};
/* End PBXSourcesBuildPhase section */

/* Begin PBXVariantGroup section */
		4A4535551D61FAEF00CFFFC5 /* LaunchScreen.storyboard */ = {
			isa = PBXVariantGroup;
			children = (
				4A4535561D61FAEF00CFFFC5 /* Base */,
			);
			name = LaunchScreen.storyboard;
			sourceTree = "<group>";
		};
/* End PBXVariantGroup section */

/* Begin XCBuildConfiguration section */
		4A4535591D61FAEF00CFFFC5 /* Debug */ = {
			isa = XCBuildConfiguration;
			buildSettings = {
				ALWAYS_SEARCH_USER_PATHS = NO;
				CLANG_ANALYZER_NONNULL = YES;
				CLANG_CXX_LANGUAGE_STANDARD = "gnu++0x";
				CLANG_CXX_LIBRARY = "libc++";
				CLANG_ENABLE_MODULES = YES;
				CLANG_ENABLE_OBJC_ARC = YES;
				CLANG_WARN_BOOL_CONVERSION = YES;
				CLANG_WARN_CONSTANT_CONVERSION = YES;
				CLANG_WARN_DIRECT_OBJC_ISA_USAGE = YES_ERROR;
				CLANG_WARN_EMPTY_BODY = YES;
				CLANG_WARN_ENUM_CONVERSION = YES;
				CLANG_WARN_INT_CONVERSION = YES;
				CLANG_WARN_OBJC_ROOT_CLASS = YES_ERROR;
				CLANG_WARN_UNREACHABLE_CODE = YES;
				CLANG_WARN__DUPLICATE_METHOD_MATCH = YES;
				"CODE_SIGN_IDENTITY[sdk=iphoneos*]" = "iPhone Developer";
				COPY_PHASE_STRIP = NO;
				DEBUG_INFORMATION_FORMAT = dwarf;
				ENABLE_BITCODE = NO;
				ENABLE_STRICT_OBJC_MSGSEND = YES;
				ENABLE_TESTABILITY = YES;
				GCC_C_LANGUAGE_STANDARD = gnu99;
				GCC_DYNAMIC_NO_PIC = NO;
				GCC_NO_COMMON_BLOCKS = YES;
				GCC_OPTIMIZATION_LEVEL = 0;
				GCC_PREPROCESSOR_DEFINITIONS = (
					"DEBUG=1",
					"$(inherited)",
				);
				GCC_WARN_64_TO_32_BIT_CONVERSION = YES;
				GCC_WARN_ABOUT_RETURN_TYPE = YES_ERROR;
				GCC_WARN_UNDECLARED_SELECTOR = YES;
				GCC_WARN_UNINITIALIZED_AUTOS = YES_AGGRESSIVE;
				GCC_WARN_UNUSED_FUNCTION = YES;
				GCC_WARN_UNUSED_VARIABLE = YES;
				IPHONEOS_DEPLOYMENT_TARGET = 8.0;
				MTL_ENABLE_DEBUG_INFO = YES;
				ONLY_ACTIVE_ARCH = YES;
				OTHER_SWIFT_FLAGS = "-D DEBUG";
				SDKROOT = iphoneos;
				SWIFT_OPTIMIZATION_LEVEL = "-Onone";
				TARGETED_DEVICE_FAMILY = "1,2";
			};
			name = Debug;
		};
		4A45355A1D61FAEF00CFFFC5 /* Release */ = {
			isa = XCBuildConfiguration;
			buildSettings = {
				ALWAYS_SEARCH_USER_PATHS = NO;
				CLANG_ANALYZER_NONNULL = YES;
				CLANG_CXX_LANGUAGE_STANDARD = "gnu++0x";
				CLANG_CXX_LIBRARY = "libc++";
				CLANG_ENABLE_MODULES = YES;
				CLANG_ENABLE_OBJC_ARC = YES;
				CLANG_WARN_BOOL_CONVERSION = YES;
				CLANG_WARN_CONSTANT_CONVERSION = YES;
				CLANG_WARN_DIRECT_OBJC_ISA_USAGE = YES_ERROR;
				CLANG_WARN_EMPTY_BODY = YES;
				CLANG_WARN_ENUM_CONVERSION = YES;
				CLANG_WARN_INT_CONVERSION = YES;
				CLANG_WARN_OBJC_ROOT_CLASS = YES_ERROR;
				CLANG_WARN_UNREACHABLE_CODE = YES;
				CLANG_WARN__DUPLICATE_METHOD_MATCH = YES;
				"CODE_SIGN_IDENTITY[sdk=iphoneos*]" = "iPhone Developer";
				COPY_PHASE_STRIP = NO;
				DEBUG_INFORMATION_FORMAT = "dwarf-with-dsym";
				ENABLE_BITCODE = NO;
				ENABLE_NS_ASSERTIONS = NO;
				ENABLE_STRICT_OBJC_MSGSEND = YES;
				GCC_C_LANGUAGE_STANDARD = gnu99;
				GCC_NO_COMMON_BLOCKS = YES;
				GCC_WARN_64_TO_32_BIT_CONVERSION = YES;
				GCC_WARN_ABOUT_RETURN_TYPE = YES_ERROR;
				GCC_WARN_UNDECLARED_SELECTOR = YES;
				GCC_WARN_UNINITIALIZED_AUTOS = YES_AGGRESSIVE;
				GCC_WARN_UNUSED_FUNCTION = YES;
				GCC_WARN_UNUSED_VARIABLE = YES;
				IPHONEOS_DEPLOYMENT_TARGET = 8.0;
				MTL_ENABLE_DEBUG_INFO = NO;
				SDKROOT = iphoneos;
				TARGETED_DEVICE_FAMILY = "1,2";
				VALIDATE_PRODUCT = YES;
			};
			name = Release;
		};
		4A45355C1D61FAEF00CFFFC5 /* Debug */ = {
			isa = XCBuildConfiguration;
			baseConfigurationReference = AA6C0C05FE1FD4C1259ECFA9 /* Pods-UDMSwift.debug.xcconfig */;
			buildSettings = {
				ASSETCATALOG_COMPILER_APPICON_NAME = AppIcon;
				CLANG_ENABLE_MODULES = YES;
				CODE_SIGN_IDENTITY = "iPhone Developer";
				"CODE_SIGN_IDENTITY[sdk=iphoneos*]" = "iPhone Developer";
				FRAMEWORK_SEARCH_PATHS = (
					"$(inherited)",
					"$(PROJECT_DIR)/UDMSwift/Library",
					"$(PROJECT_DIR)/UDMSwift",
				);
				GCC_PREPROCESSOR_DEFINITIONS = (
					"$(inherited)",
					"COCOAPODS=1",
					"UDMTEACHER=0",
				);
				INFOPLIST_FILE = UDMSwift/Info.plist;
				LD_RUNPATH_SEARCH_PATHS = "$(inherited) @executable_path/Frameworks";
				LIBRARY_SEARCH_PATHS = (
					"$(inherited)",
					"$(PROJECT_DIR)/UDMSwift/Library",
				);
				PRODUCT_BUNDLE_IDENTIFIER = vinh.UDMSwift;
				PRODUCT_NAME = "$(TARGET_NAME)";
				PROVISIONING_PROFILE = "";
				SWIFT_OBJC_BRIDGING_HEADER = "UDMSwift/Helper/UDMSwift-Bridging-Header.h";
				SWIFT_OPTIMIZATION_LEVEL = "-Onone";
			};
			name = Debug;
		};
		4A45355D1D61FAEF00CFFFC5 /* Release */ = {
			isa = XCBuildConfiguration;
			baseConfigurationReference = 3D08753B785755DECEA78367 /* Pods-UDMSwift.release.xcconfig */;
			buildSettings = {
				ASSETCATALOG_COMPILER_APPICON_NAME = AppIcon;
				CLANG_ENABLE_MODULES = YES;
				CODE_SIGN_IDENTITY = "iPhone Developer";
				"CODE_SIGN_IDENTITY[sdk=iphoneos*]" = "iPhone Developer";
				FRAMEWORK_SEARCH_PATHS = (
					"$(inherited)",
					"$(PROJECT_DIR)/UDMSwift/Library",
					"$(PROJECT_DIR)/UDMSwift",
				);
				GCC_PREPROCESSOR_DEFINITIONS = (
					"$(inherited)",
					"UDMTEACHER=0",
					"COCOAPODS=1",
				);
				INFOPLIST_FILE = UDMSwift/Info.plist;
				LD_RUNPATH_SEARCH_PATHS = "$(inherited) @executable_path/Frameworks";
				LIBRARY_SEARCH_PATHS = (
					"$(inherited)",
					"$(PROJECT_DIR)/UDMSwift/Library",
				);
				PRODUCT_BUNDLE_IDENTIFIER = vinh.UDMSwift;
				PRODUCT_NAME = "$(TARGET_NAME)";
				PROVISIONING_PROFILE = "";
				SWIFT_OBJC_BRIDGING_HEADER = "UDMSwift/Helper/UDMSwift-Bridging-Header.h";
			};
			name = Release;
		};
/* End XCBuildConfiguration section */

/* Begin XCConfigurationList section */
		4A4535441D61FAEF00CFFFC5 /* Build configuration list for PBXProject "UDMSwift" */ = {
			isa = XCConfigurationList;
			buildConfigurations = (
				4A4535591D61FAEF00CFFFC5 /* Debug */,
				4A45355A1D61FAEF00CFFFC5 /* Release */,
			);
			defaultConfigurationIsVisible = 0;
			defaultConfigurationName = Release;
		};
		4A45355B1D61FAEF00CFFFC5 /* Build configuration list for PBXNativeTarget "UDMSwift" */ = {
			isa = XCConfigurationList;
			buildConfigurations = (
				4A45355C1D61FAEF00CFFFC5 /* Debug */,
				4A45355D1D61FAEF00CFFFC5 /* Release */,
			);
			defaultConfigurationIsVisible = 0;
			defaultConfigurationName = Release;
		};
/* End XCConfigurationList section */
	};
	rootObject = 4A4535411D61FAEF00CFFFC5 /* Project object */;
}
